
Microsoft Visual Studio Solution File, Format Version 12.00
# Visual Studio Version 17
VisualStudioVersion = 17.6.33801.468
MinimumVisualStudioVersion = 10.0.40219.1
Project("{9A19103F-16F7-4668-BE54-9A1E7A4F7556}") = "people_api", "people_api.csproj", "{A74A9676-6488-4E1B-91C1-33D623BD3913}"
EndProject
Project("{FAE04EC0-301F-11D3-BF4B-00C04F79EFBC}") = "people_api_Test", "..\people_api_Test\people_api_Test.csproj", "{A907F03A-9713-44A7-AF09-7DF846CB9E45}"
EndProject
Global
	GlobalSection(SolutionConfigurationPlatforms) = preSolution
		Debug|Any CPU = Debug|Any CPU
		Release|Any CPU = Release|Any CPU
	EndGlobalSection
	GlobalSection(ProjectConfigurationPlatforms) = postSolution
		{A74A9676-6488-4E1B-91C1-33D623BD3913}.Debug|Any CPU.ActiveCfg = Debug|Any CPU
		{A74A9676-6488-4E1B-91C1-33D623BD3913}.Debug|Any CPU.Build.0 = Debug|Any CPU
		{A74A9676-6488-4E1B-91C1-33D623BD3913}.Release|Any CPU.ActiveCfg = Release|Any CPU
		{A74A9676-6488-4E1B-91C1-33D623BD3913}.Release|Any CPU.Build.0 = Release|Any CPU
		{A907F03A-9713-44A7-AF09-7DF846CB9E45}.Debug|Any CPU.ActiveCfg = Debug|Any CPU
		{A907F03A-9713-44A7-AF09-7DF846CB9E45}.Debug|Any CPU.Build.0 = Debug|Any CPU
		{A907F03A-9713-44A7-AF09-7DF846CB9E45}.Release|Any CPU.ActiveCfg = Release|Any CPU
		{A907F03A-9713-44A7-AF09-7DF846CB9E45}.Release|Any CPU.Build.0 = Release|Any CPU
	EndGlobalSection
	GlobalSection(SolutionProperties) = preSolution
		HideSolutionNode = FALSE
	EndGlobalSection
	GlobalSection(ExtensibilityGlobals) = postSolution
		SolutionGuid = {E45974EB-8BB5-42DF-A33B-722BED0F4C69}
	EndGlobalSection
EndGlobal
